
Microsoft Visual Studio Solution File, Format Version 12.00
Project("{FAE04EC0-301F-11D3-BF4B-00C04F79EFBC}") = "MongoDbPOC", "MongoDbPOC\MongoDbPOC.csproj", "{2C9784A7-12FD-49C3-950B-6275B6298BAA}"
EndProject
Project("{FAE04EC0-301F-11D3-BF4B-00C04F79EFBC}") = "WebApplication", "WebApplication\WebApplication.csproj", "{9F678229-3098-424C-881B-0FD2D0650DC1}"
EndProject
Global
	GlobalSection(SolutionConfigurationPlatforms) = preSolution
		Debug|Any CPU = Debug|Any CPU
		Release|Any CPU = Release|Any CPU
	EndGlobalSection
	GlobalSection(ProjectConfigurationPlatforms) = postSolution
		{2C9784A7-12FD-49C3-950B-6275B6298BAA}.Debug|Any CPU.ActiveCfg = Debug|Any CPU
		{2C9784A7-12FD-49C3-950B-6275B6298BAA}.Debug|Any CPU.Build.0 = Debug|Any CPU
		{2C9784A7-12FD-49C3-950B-6275B6298BAA}.Release|Any CPU.ActiveCfg = Release|Any CPU
		{2C9784A7-12FD-49C3-950B-6275B6298BAA}.Release|Any CPU.Build.0 = Release|Any CPU
		{9F678229-3098-424C-881B-0FD2D0650DC1}.Debug|Any CPU.ActiveCfg = Debug|Any CPU
		{9F678229-3098-424C-881B-0FD2D0650DC1}.Debug|Any CPU.Build.0 = Debug|Any CPU
		{9F678229-3098-424C-881B-0FD2D0650DC1}.Release|Any CPU.ActiveCfg = Release|Any CPU
		{9F678229-3098-424C-881B-0FD2D0650DC1}.Release|Any CPU.Build.0 = Release|Any CPU
	EndGlobalSection
EndGlobal
